{
  "meteor": {},
  "dependencies": {
    "basePackages": {
      "jquery-ui": {},
      "jquery-ui-bootstrap": {},
      "event-hooks": {},
      "bootstrap-3": {},
      "moment": {},
      "leaflet-0.6.4": {}
    },
    "packages": {
      "jquery-ui": {
        "git": "https://github.com/TimHeckel/meteor-jquery-ui.git",
        "tag": "v1.9.2",
        "commit": "c437d45edcf1367df8d5ffa8bad2867758030bd2"
      },
      "jquery-ui-bootstrap": {
        "git": "https://github.com/TimHeckel/meteor-jquery-ui-bootstrap.git",
        "tag": "v0.1.2",
        "commit": "fa742a85639307003e105898e15b631394b63509"
      },
      "event-hooks": {
        "git": "https://github.com/BenjaminRH/meteor-event-hooks.git",
        "tag": "v1.4.0",
        "commit": "8d0daf1b84622104d3bcdd99fcf791cd08d3a222"
      },
      "bootstrap-3": {
        "git": "https://github.com/mangasocial/meteor-bootstrap-3.git",
        "tag": "v0.3.2",
        "commit": "a09f87b01f625ca86d97f93206e7ff475cf3db3b"
      },
      "moment": {
        "git": "https://github.com/possibilities/meteor-moment.git",
        "tag": "v1.7.0",
        "commit": "c64b6ec0e714b9556f4b6643d430b868ba69d3d7"
      },
      "leaflet-0.6.4": {
        "git": "https://github.com/Ore4444/meteor-leaflet.git",
        "tag": "v0.0.1",
        "commit": "987091b1bb3cc27adb76193e9791b6e62eaeaa3b"
      }
    }
  }
}
